
Microsoft Visual Studio Solution File, Format Version 12.00
# Visual Studio Version 16
VisualStudioVersion = 16.0.31624.102
MinimumVisualStudioVersion = 10.0.40219.1
Project("{FAE04EC0-301F-11D3-BF4B-00C04F79EFBC}") = "ci_sharp1", "ci_sharp1\ci_sharp1.csproj", "{2A2DC7E8-6DFA-461E-8490-583A50960632}"
EndProject
Global
	GlobalSection(SolutionConfigurationPlatforms) = preSolution
		Debug|Any CPU = Debug|Any CPU
		Release|Any CPU = Release|Any CPU
	EndGlobalSection
	GlobalSection(ProjectConfigurationPlatforms) = postSolution
		{2A2DC7E8-6DFA-461E-8490-583A50960632}.Debug|Any CPU.ActiveCfg = Debug|Any CPU
		{2A2DC7E8-6DFA-461E-8490-583A50960632}.Debug|Any CPU.Build.0 = Debug|Any CPU
		{2A2DC7E8-6DFA-461E-8490-583A50960632}.Release|Any CPU.ActiveCfg = Release|Any CPU
		{2A2DC7E8-6DFA-461E-8490-583A50960632}.Release|Any CPU.Build.0 = Release|Any CPU
	EndGlobalSection
	GlobalSection(SolutionProperties) = preSolution
		HideSolutionNode = FALSE
	EndGlobalSection
	GlobalSection(ExtensibilityGlobals) = postSolution
		SolutionGuid = {AEF77BEB-9FCB-46B5-977E-A630FD6BED7C}
	EndGlobalSection
EndGlobal
